{
  "name": "minification-benchmarks",
  "version": "1.0.0",
  "lockfileVersion": 1,
  "requires": true,
  "dependencies": {
    "@sindresorhus/is": {
      "version": "0.15.0",
      "resolved": "https://registry.npmjs.org/@sindresorhus/is/-/is-0.15.0.tgz",
      "integrity": "sha512-lu8BpxjAtRCAo5ifytTpCPCj99LF7o/2Myn+NXyNCBqvPYn7Pjd76AMmUB5l7XF1U6t0hcWrlEM5ESufW7wAeA=="
    },
    "buffer-from": {
      "version": "1.1.1",
      "resolved": "https://registry.npmjs.org/buffer-from/-/buffer-from-1.1.1.tgz",
      "integrity": "sha512-MQcXEUbCKtEo7bhqEs6560Hyd4XaovZlO/k9V3hjVUF/zwW7KBVdSK4gIt/bzwS9MbR5qob+F5jusZsb0YQK2A=="
    },
    "commander": {
      "version": "2.20.3",
      "resolved": "https://registry.npmjs.org/commander/-/commander-2.20.3.tgz",
      "integrity": "sha512-GpVkmM8vF2vQUkj2LvZmD35JxeJOLCwJ9cUkugyk2nuhbv3+mJvpLYYt+0+USMxE+oj+ey/lJEnhZw75x/OMcQ=="
    },
    "esbuild": {
      "version": "0.6.22",
      "resolved": "https://registry.npmjs.org/esbuild/-/esbuild-0.6.22.tgz",
      "integrity": "sha512-dgcdoOZ7rghMageuGFS6geQ77UacoZ/qrd0MRc2iPnYtMNfQ1cJ7mVkotVpUDJYdOWvLVa87NFEtqPg7D2mKSA=="
    },
    "exit-hook": {
      "version": "2.2.0",
      "resolved": "https://registry.npmjs.org/exit-hook/-/exit-hook-2.2.0.tgz",
      "integrity": "sha512-YFH+2oGdldRH5GqGpnaiKbBxWHMmuXHmKTMtUC58kWSOrnTf95rKITVSFTTtas14DWvWpih429+ffAvFetPwNA=="
    },
    "filesize": {
      "version": "6.1.0",
      "resolved": "https://registry.npmjs.org/filesize/-/filesize-6.1.0.tgz",
      "integrity": "sha512-LpCHtPQ3sFx67z+uh2HnSyWSLLu5Jxo21795uRDuar/EOuYWXib5EmPaGIBuSnRqH2IODiKA2k5re/K9OnN/Yg=="
    },
    "js-tokens": {
      "version": "4.0.0",
      "resolved": "https://registry.npmjs.org/js-tokens/-/js-tokens-4.0.0.tgz",
      "integrity": "sha512-RdJUflcE3cUzKiMqQgsCu06FPu9UdIJO0beYbPhHN4k6apgJtifcoCtT9bcxOpYBtpD2kCM6Sbzg4CausW/PKQ=="
    },
    "lodash": {
      "version": "4.17.20",
      "resolved": "https://registry.npmjs.org/lodash/-/lodash-4.17.20.tgz",
      "integrity": "sha512-PlhdFcillOINfeV7Ni6oF1TAEayyZBoZ8bcshTHqOYJYlrqzRK5hagpagky5o4HfCzzd1TRkXPMFq6cKk9rGmA=="
    },
    "loose-envify": {
      "version": "1.4.0",
      "resolved": "https://registry.npmjs.org/loose-envify/-/loose-envify-1.4.0.tgz",
      "integrity": "sha512-lyuxPGr/Wfhrlem2CL/UcnUc1zcqKAImBDzukY7Y5F/yQiNdko6+fRLevlw1HgMySw7f611UIY408EtxRSoK3Q==",
      "requires": {
        "js-tokens": "^3.0.0 || ^4.0.0"
      }
    },
    "markdown-table": {
      "version": "2.0.0",
      "resolved": "https://registry.npmjs.org/markdown-table/-/markdown-table-2.0.0.tgz",
      "integrity": "sha512-Ezda85ToJUBhM6WGaG6veasyym+Tbs3cMAw/ZhOPqXiYsr0jgocBV3j3nx+4lk47plLlIqjwuTm/ywVI+zjJ/A==",
      "requires": {
        "repeat-string": "^1.0.0"
      }
    },
    "moment": {
      "version": "2.27.0",
      "resolved": "https://registry.npmjs.org/moment/-/moment-2.27.0.tgz",
      "integrity": "sha512-al0MUK7cpIcglMv3YF13qSgdAIqxHTO7brRtaz3DlSULbqfazqkc5kEjNrLDOM7fsjshoFIihnU8snrP7zUvhQ=="
    },
    "object-assign": {
      "version": "4.1.1",
      "resolved": "https://registry.npmjs.org/object-assign/-/object-assign-4.1.1.tgz",
      "integrity": "sha1-IQmtx5ZYh8/AXLvUQsrIv7s2CGM="
    },
    "outdent": {
      "version": "0.7.1",
      "resolved": "https://registry.npmjs.org/outdent/-/outdent-0.7.1.tgz",
      "integrity": "sha512-VjIzdUHunL74DdhcwMDt5FhNDQ8NYmTkuW0B+usIV2afS9aWT/1c9z1TsnFW349TP3nxmYeUl7Z++XpJRByvgg=="
    },
    "p-map-series": {
      "version": "2.1.0",
      "resolved": "https://registry.npmjs.org/p-map-series/-/p-map-series-2.1.0.tgz",
      "integrity": "sha512-RpYIIK1zXSNEOdwxcfe7FdvGcs7+y5n8rifMhMNWvaxRNMPINJHF5GDeuVxWqnfrcHPSCnp7Oo5yNXHId9Av2Q=="
    },
    "p-reduce": {
      "version": "2.1.0",
      "resolved": "https://registry.npmjs.org/p-reduce/-/p-reduce-2.1.0.tgz",
      "integrity": "sha512-2USApvnsutq8uoxZBGbbWM0JIYLiEMJ9RlaN7fAzVNb9OZN0SHjjTTfIcb667XynS5Y1VhwDJVDa72TnPzAYWw=="
    },
    "p-series": {
      "version": "2.1.0",
      "resolved": "https://registry.npmjs.org/p-series/-/p-series-2.1.0.tgz",
      "integrity": "sha512-vEAnkG1ikRT1kPBrKwpj7AFYQkd1hjt/oHeppxtpoPxy5gEt+OWiHZJN3tMqvFa+UJfVwO3lwHoMUpMYBLKnaQ==",
      "requires": {
        "@sindresorhus/is": "^0.15.0",
        "p-reduce": "^2.1.0"
      }
    },
    "prop-types": {
      "version": "15.7.2",
      "resolved": "https://registry.npmjs.org/prop-types/-/prop-types-15.7.2.tgz",
      "integrity": "sha512-8QQikdH7//R2vurIJSutZ1smHYTcLpRWEOlHnzcWHmBYrOGUysKwSsrC89BCiFj3CbrfJ/nXFdJepOVrY1GCHQ==",
      "requires": {
        "loose-envify": "^1.4.0",
        "object-assign": "^4.1.1",
        "react-is": "^16.8.1"
      }
    },
    "react": {
      "version": "16.13.1",
      "resolved": "https://registry.npmjs.org/react/-/react-16.13.1.tgz",
      "integrity": "sha512-YMZQQq32xHLX0bz5Mnibv1/LHb3Sqzngu7xstSM+vrkE5Kzr9xE0yMByK5kMoTK30YVJE61WfbxIFFvfeDKT1w==",
      "requires": {
        "loose-envify": "^1.1.0",
        "object-assign": "^4.1.1",
        "prop-types": "^15.6.2"
      }
    },
    "react-is": {
      "version": "16.13.1",
      "resolved": "https://registry.npmjs.org/react-is/-/react-is-16.13.1.tgz",
      "integrity": "sha512-24e6ynE2H+OKt4kqsOvNd8kBpV65zoxbA4BVsEOB3ARVWQki/DHzaUoC5KuON/BiccDaCCTZBuOcfZs70kR8bQ=="
    },
    "repeat-string": {
      "version": "1.6.1",
      "resolved": "https://registry.npmjs.org/repeat-string/-/repeat-string-1.6.1.tgz",
      "integrity": "sha1-jcrkcOHIirwtYA//Sndihtp15jc="
    },
    "source-map": {
      "version": "0.6.1",
      "resolved": "https://registry.npmjs.org/source-map/-/source-map-0.6.1.tgz",
      "integrity": "sha512-UjgapumWlbMhkBgzT7Ykc5YXUT46F0iKu8SGXq0bcwP5dz/h0Plj6enJqjz1Zbq2l5WaqYnrVbwWOWMyF3F47g=="
    },
    "source-map-support": {
      "version": "0.5.19",
      "resolved": "https://registry.npmjs.org/source-map-support/-/source-map-support-0.5.19.tgz",
      "integrity": "sha512-Wonm7zOCIJzBGQdB+thsPar0kYuCIzYvxZwlBa87yi/Mdjv7Tip2cyVbLj5o0cFPN4EVkuTwb3GDDyUx2DGnGw==",
      "requires": {
        "buffer-from": "^1.0.0",
        "source-map": "^0.6.0"
      }
    },
    "terser": {
      "version": "5.0.0",
      "resolved": "https://registry.npmjs.org/terser/-/terser-5.0.0.tgz",
      "integrity": "sha512-olH2DwGINoSuEpSGd+BsPuAQaA3OrHnHnFL/rDB2TVNc3srUbz/rq/j2BlF4zDXI+JqAvGr86bIm1R2cJgZ3FA==",
      "requires": {
        "commander": "^2.20.0",
        "source-map": "~0.6.1",
        "source-map-support": "~0.5.12"
      }
    },
    "vue": {
      "version": "2.6.11",
      "resolved": "https://registry.npmjs.org/vue/-/vue-2.6.11.tgz",
      "integrity": "sha512-VfPwgcGABbGAue9+sfrD4PuwFar7gPb1yl1UK1MwXoQPAw0BKSqWfoYCT/ThFrdEVWoI51dBuyCoiNU9bZDZxQ=="
    }
  }
}
